
Microsoft Visual Studio Solution File, Format Version 12.00
# Visual Studio Version 17
VisualStudioVersion = 17.12.35527.113
MinimumVisualStudioVersion = 10.0.40219.1
Project("{FAE04EC0-301F-11D3-BF4B-00C04F79EFBC}") = "TaskManager", "TaskManager\TaskManager.csproj", "{6B9F8BE6-58AD-45EA-8D83-ED4D2A51E01F}"
EndProject
Project("{FAE04EC0-301F-11D3-BF4B-00C04F79EFBC}") = "ApplicationLayer", "ApplicationLayer\ApplicationLayer.csproj", "{880610A1-6148-44DE-AC58-53B39C1BC1E2}"
EndProject
Project("{FAE04EC0-301F-11D3-BF4B-00C04F79EFBC}") = "DomainLayer", "DomainLayer\DomainLayer.csproj", "{78CF22E8-66EC-4F5C-AE73-C43005188D49}"
EndProject
Project("{FAE04EC0-301F-11D3-BF4B-00C04F79EFBC}") = "InfrastructureLayer", "InfrastructureLayer\InfrastructureLayer.csproj", "{60AA6C06-DB9B-47E9-B4EE-F15AE4B300E6}"
EndProject
Project("{FAE04EC0-301F-11D3-BF4B-00C04F79EFBC}") = "TaskManager.Tests", "TaskManager.Tests\TaskManager.Tests.csproj", "{F2ED039F-8A34-429B-BEE0-DD3E25810DFA}"
EndProject
Global
	GlobalSection(SolutionConfigurationPlatforms) = preSolution
		Debug|Any CPU = Debug|Any CPU
		Release|Any CPU = Release|Any CPU
	EndGlobalSection
	GlobalSection(ProjectConfigurationPlatforms) = postSolution
		{6B9F8BE6-58AD-45EA-8D83-ED4D2A51E01F}.Debug|Any CPU.ActiveCfg = Debug|Any CPU
		{6B9F8BE6-58AD-45EA-8D83-ED4D2A51E01F}.Debug|Any CPU.Build.0 = Debug|Any CPU
		{6B9F8BE6-58AD-45EA-8D83-ED4D2A51E01F}.Release|Any CPU.ActiveCfg = Release|Any CPU
		{6B9F8BE6-58AD-45EA-8D83-ED4D2A51E01F}.Release|Any CPU.Build.0 = Release|Any CPU
		{880610A1-6148-44DE-AC58-53B39C1BC1E2}.Debug|Any CPU.ActiveCfg = Debug|Any CPU
		{880610A1-6148-44DE-AC58-53B39C1BC1E2}.Debug|Any CPU.Build.0 = Debug|Any CPU
		{880610A1-6148-44DE-AC58-53B39C1BC1E2}.Release|Any CPU.ActiveCfg = Release|Any CPU
		{880610A1-6148-44DE-AC58-53B39C1BC1E2}.Release|Any CPU.Build.0 = Release|Any CPU
		{78CF22E8-66EC-4F5C-AE73-C43005188D49}.Debug|Any CPU.ActiveCfg = Debug|Any CPU
		{78CF22E8-66EC-4F5C-AE73-C43005188D49}.Debug|Any CPU.Build.0 = Debug|Any CPU
		{78CF22E8-66EC-4F5C-AE73-C43005188D49}.Release|Any CPU.ActiveCfg = Release|Any CPU
		{78CF22E8-66EC-4F5C-AE73-C43005188D49}.Release|Any CPU.Build.0 = Release|Any CPU
		{60AA6C06-DB9B-47E9-B4EE-F15AE4B300E6}.Debug|Any CPU.ActiveCfg = Debug|Any CPU
		{60AA6C06-DB9B-47E9-B4EE-F15AE4B300E6}.Debug|Any CPU.Build.0 = Debug|Any CPU
		{60AA6C06-DB9B-47E9-B4EE-F15AE4B300E6}.Release|Any CPU.ActiveCfg = Release|Any CPU
		{60AA6C06-DB9B-47E9-B4EE-F15AE4B300E6}.Release|Any CPU.Build.0 = Release|Any CPU
		{F2ED039F-8A34-429B-BEE0-DD3E25810DFA}.Debug|Any CPU.ActiveCfg = Debug|Any CPU
		{F2ED039F-8A34-429B-BEE0-DD3E25810DFA}.Debug|Any CPU.Build.0 = Debug|Any CPU
		{F2ED039F-8A34-429B-BEE0-DD3E25810DFA}.Release|Any CPU.ActiveCfg = Release|Any CPU
		{F2ED039F-8A34-429B-BEE0-DD3E25810DFA}.Release|Any CPU.Build.0 = Release|Any CPU
	EndGlobalSection
	GlobalSection(SolutionProperties) = preSolution
		HideSolutionNode = FALSE
	EndGlobalSection
	GlobalSection(ExtensibilityGlobals) = postSolution
		SolutionGuid = {694F8845-2519-4334-B378-5FD7FE616891}
	EndGlobalSection
EndGlobal
